
Microsoft Visual Studio Solution File, Format Version 12.00
# Visual Studio 15
VisualStudioVersion = 15.0.28307.168
MinimumVisualStudioVersion = 10.0.40219.1
Project("{9A19103F-16F7-4668-BE54-9A1E7A4F7556}") = "SalesMVC", "SalesMVC\SalesMVC.csproj", "{51DB293E-F351-4E1D-93CD-D0055EA28FD6}"
EndProject
Global
	GlobalSection(SolutionConfigurationPlatforms) = preSolution
		Debug|Any CPU = Debug|Any CPU
		Release|Any CPU = Release|Any CPU
	EndGlobalSection
	GlobalSection(ProjectConfigurationPlatforms) = postSolution
		{51DB293E-F351-4E1D-93CD-D0055EA28FD6}.Debug|Any CPU.ActiveCfg = Debug|Any CPU
		{51DB293E-F351-4E1D-93CD-D0055EA28FD6}.Debug|Any CPU.Build.0 = Debug|Any CPU
		{51DB293E-F351-4E1D-93CD-D0055EA28FD6}.Release|Any CPU.ActiveCfg = Release|Any CPU
		{51DB293E-F351-4E1D-93CD-D0055EA28FD6}.Release|Any CPU.Build.0 = Release|Any CPU
	EndGlobalSection
	GlobalSection(SolutionProperties) = preSolution
		HideSolutionNode = FALSE
	EndGlobalSection
	GlobalSection(ExtensibilityGlobals) = postSolution
		SolutionGuid = {8FBA7515-DF9F-4AC2-AF4D-1796243CF63F}
	EndGlobalSection
EndGlobal
